# @generated by Move, please check-in and do not edit manually.

[move]
version = 3
manifest_digest = "8DA6AD89697FD8D61C1D54DFED30959A0523168F31A6E80E108EEA1A390F8388"
deps_digest = "52B406A7A21811BEF51751CF88DA0E76DAEFFEAC888D4F4060B1A72BBE7D8D35"
dependencies = [
  { id = "Bridge", name = "Bridge" },
  { id = "MoveStdlib", name = "MoveStdlib" },
  { id = "Sui", name = "Sui" },
  { id = "SuiSystem", name = "SuiSystem" },
  { id = "Walrus", name = "Walrus" },
  { id = "enclave", name = "enclave" },
]

[[move.package]]
id = "Bridge"
source = { git = "https://github.com/MystenLabs/sui.git", rev = "db951a5ea6b125f6253a6b7f436ddba46eb0feb3", subdir = "crates/sui-framework/packages/bridge" }

dependencies = [
  { id = "MoveStdlib", name = "MoveStdlib" },
  { id = "Sui", name = "Sui" },
  { id = "SuiSystem", name = "SuiSystem" },
]

[[move.package]]
id = "MoveStdlib"
source = { git = "https://github.com/MystenLabs/sui.git", rev = "db951a5ea6b125f6253a6b7f436ddba46eb0feb3", subdir = "crates/sui-framework/packages/move-stdlib" }

[[move.package]]
id = "Sui"
source = { git = "https://github.com/MystenLabs/sui.git", rev = "db951a5ea6b125f6253a6b7f436ddba46eb0feb3", subdir = "crates/sui-framework/packages/sui-framework" }

dependencies = [
  { id = "MoveStdlib", name = "MoveStdlib" },
]

[[move.package]]
id = "SuiSystem"
source = { git = "https://github.com/MystenLabs/sui.git", rev = "db951a5ea6b125f6253a6b7f436ddba46eb0feb3", subdir = "crates/sui-framework/packages/sui-system" }

dependencies = [
  { id = "MoveStdlib", name = "MoveStdlib" },
  { id = "Sui", name = "Sui" },
]

[[move.package]]
id = "WAL"
source = { git = "https://github.com/MystenLabs/walrus-docs.git", rev = "main", subdir = "contracts\\wal" }

dependencies = [
  { id = "Sui", name = "Sui" },
]

[[move.package]]
id = "Walrus"
source = { git = "https://github.com/MystenLabs/walrus-docs.git", rev = "main", subdir = "contracts/walrus" }

dependencies = [
  { id = "Sui", name = "Sui" },
  { id = "WAL", name = "WAL" },
]

[[move.package]]
id = "enclave"
source = { local = "..\\enclave" }

dependencies = [
  { id = "Bridge", name = "Bridge" },
  { id = "MoveStdlib", name = "MoveStdlib" },
  { id = "Sui", name = "Sui" },
  { id = "SuiSystem", name = "SuiSystem" },
]

[move.toolchain-version]
compiler-version = "1.54.1"
edition = "2024.beta"
flavor = "sui"

[env]

[env.testnet]
chain-id = "4c78adac"
original-published-id = "0x35f9f4752e676fb98ab7de24758a15fff433be918033937095858ee5f6f98e98"
latest-published-id = "0x35f9f4752e676fb98ab7de24758a15fff433be918033937095858ee5f6f98e98"
published-version = "1"
